<?xml version="1.0" encoding="utf-8"?>
<Project ToolsVersion="4.0" xmlns="http://schemas.microsoft.com/developer/msbuild/2003">
  <ItemGroup>
    <Filter Include="Source Files">
      <UniqueIdentifier>{4FC737F1-C7A5-4376-A066-2A32D752A2FF}</UniqueIdentifier>
      <Extensions>cpp;c;cc;cxx;def;odl;idl;hpj;bat;asm;asmx</Extensions>
    </Filter>
    <Filter Include="Header Files">
      <UniqueIdentifier>{93995380-89BD-4b04-88EB-625FBE52EBFB}</UniqueIdentifier>
      <Extensions>h;hh;hpp;hxx;hm;inl;inc;xsd</Extensions>
    </Filter>
    <Filter Include="Resource Files">
      <UniqueIdentifier>{67DA6AB6-F800-4c08-8B7A-83BB121AAD01}</UniqueIdentifier>
      <Extensions>rc;ico;cur;bmp;dlg;rc2;rct;bin;rgs;gif;jpg;jpeg;jpe;resx;tiff;tif;png;wav</Extensions>
    </Filter>
  </ItemGroup>
  <ItemGroup>
    <ClCompile Include="libs\minini\minIni.c">
      <Filter>Source Files</Filter>
    </ClCompile>
    <ClCompile Include="src\actorAction.cpp">
      <Filter>Source Files</Filter>
    </ClCompile>
    <ClCompile Include="src\AuthServerUtil.cpp">
      <Filter>Source Files</Filter>
    </ClCompile>
    <ClCompile Include="src\banedropship.cpp">
      <Filter>Source Files</Filter>
    </ClCompile>
    <ClCompile Include="src\behaviorController.cpp">
      <Filter>Source Files</Filter>
    </ClCompile>
    <ClCompile Include="src\behaviorControllerInit.cpp">
      <Filter>Source Files</Filter>
    </ClCompile>
    <ClCompile Include="src\Bignum.cpp">
      <Filter>Source Files</Filter>
    </ClCompile>
    <ClCompile Include="src\cellMgr.cpp">
      <Filter>Source Files</Filter>
    </ClCompile>
    <ClCompile Include="src\CharacterMgr.cpp">
      <Filter>Source Files</Filter>
    </ClCompile>
    <ClCompile Include="src\communicator.cpp">
      <Filter>Source Files</Filter>
    </ClCompile>
    <ClCompile Include="src\controlpoint.cpp">
      <Filter>Source Files</Filter>
    </ClCompile>
    <ClCompile Include="src\creature.cpp">
      <Filter>Source Files</Filter>
    </ClCompile>
    <ClCompile Include="src\DataInterface.cpp">
      <Filter>Source Files</Filter>
    </ClCompile>
    <ClCompile Include="src\DataInterface_Character.cpp">
      <Filter>Source Files</Filter>
    </ClCompile>
    <ClCompile Include="src\DataInterface_Creature.cpp">
      <Filter>Source Files</Filter>
    </ClCompile>
    <ClCompile Include="src\DataInterface_Items.cpp">
      <Filter>Source Files</Filter>
    </ClCompile>
    <ClCompile Include="src\DataInterface_Mission.cpp">
      <Filter>Source Files</Filter>
    </ClCompile>
    <ClCompile Include="src\DataInterface_NPC.cpp">
      <Filter>Source Files</Filter>
    </ClCompile>
    <ClCompile Include="src\DataInterface_SpawnSystem.cpp">
      <Filter>Source Files</Filter>
    </ClCompile>
    <ClCompile Include="src\DataInterface_Teleporter.cpp">
      <Filter>Source Files</Filter>
    </ClCompile>
    <ClCompile Include="src\defaultObject.cpp">
      <Filter>Source Files</Filter>
    </ClCompile>
    <ClCompile Include="src\DetourAlloc.cpp">
      <Filter>Source Files</Filter>
    </ClCompile>
    <ClCompile Include="src\DetourCommon.cpp">
      <Filter>Source Files</Filter>
    </ClCompile>
    <ClCompile Include="src\DetourNavMesh.cpp">
      <Filter>Source Files</Filter>
    </ClCompile>
    <ClCompile Include="src\DetourNavMeshBuilder.cpp">
      <Filter>Source Files</Filter>
    </ClCompile>
    <ClCompile Include="src\DetourNavMeshQuery.cpp">
      <Filter>Source Files</Filter>
    </ClCompile>
    <ClCompile Include="src\DetourNode.cpp">
      <Filter>Source Files</Filter>
    </ClCompile>
    <ClCompile Include="src\dynamicObject.cpp">
      <Filter>Source Files</Filter>
    </ClCompile>
    <ClCompile Include="src\entityMgr.cpp">
      <Filter>Source Files</Filter>
    </ClCompile>
    <ClCompile Include="src\fileMgr.cpp">
      <Filter>Source Files</Filter>
    </ClCompile>
    <ClCompile Include="src\gameData.cpp">
      <Filter>Source Files</Filter>
    </ClCompile>
    <ClCompile Include="src\gameEffects.cpp">
      <Filter>Source Files</Filter>
    </ClCompile>
    <ClCompile Include="src\GameMain.cpp">
      <Filter>Source Files</Filter>
    </ClCompile>
    <ClCompile Include="src\gm.cpp">
      <Filter>Source Files</Filter>
    </ClCompile>
    <ClCompile Include="src\hashTable.cpp">
      <Filter>Source Files</Filter>
    </ClCompile>
    <ClCompile Include="src\hashTableSynced.cpp">
      <Filter>Source Files</Filter>
    </ClCompile>
    <ClCompile Include="src\INIParser.cpp">
      <Filter>Source Files</Filter>
    </ClCompile>
    <ClCompile Include="src\inventory.cpp">
      <Filter>Source Files</Filter>
    </ClCompile>
    <ClCompile Include="src\logosObject.cpp">
      <Filter>Source Files</Filter>
    </ClCompile>
    <ClCompile Include="src\lootdispenser.cpp">
      <Filter>Source Files</Filter>
    </ClCompile>
    <ClCompile Include="src\main.cpp">
      <Filter>Source Files</Filter>
    </ClCompile>
    <ClCompile Include="src\manifestation.cpp">
      <Filter>Source Files</Filter>
    </ClCompile>
    <ClCompile Include="src\MapChannel.cpp">
      <Filter>Source Files</Filter>
    </ClCompile>
    <ClCompile Include="src\MD5.cpp">
      <Filter>Source Files</Filter>
    </ClCompile>
    <ClCompile Include="src\missile.cpp">
      <Filter>Source Files</Filter>
    </ClCompile>
    <ClCompile Include="src\mission.cpp">
      <Filter>Source Files</Filter>
    </ClCompile>
    <ClCompile Include="src\navmesh.cpp">
      <Filter>Source Files</Filter>
    </ClCompile>
    <ClCompile Include="src\netMgr.cpp">
      <Filter>Source Files</Filter>
    </ClCompile>
    <ClCompile Include="src\npc.cpp">
      <Filter>Source Files</Filter>
    </ClCompile>
    <ClCompile Include="src\playerActions.cpp">
      <Filter>Source Files</Filter>
    </ClCompile>
    <ClCompile Include="src\PyMarshal.cpp">
      <Filter>Source Files</Filter>
    </ClCompile>
    <ClCompile Include="src\sData.cpp">
      <Filter>Source Files</Filter>
    </ClCompile>
    <ClCompile Include="src\spawnSystem.cpp">
      <Filter>Source Files</Filter>
    </ClCompile>
    <ClCompile Include="src\TabulaCrypt2.cpp">
      <Filter>Source Files</Filter>
    </ClCompile>
    <ClCompile Include="src\teleporter.cpp">
      <Filter>Source Files</Filter>
    </ClCompile>
    <ClCompile Include="src\ThreadsUtils.cpp">
      <Filter>Source Files</Filter>
    </ClCompile>
    <ClCompile Include="src\UnpackObjects.cpp">
      <Filter>Source Files</Filter>
    </ClCompile>
    <ClCompile Include="src\vendor.cpp">
      <Filter>Source Files</Filter>
    </ClCompile>
    <ClCompile Include="src\waypoint.cpp">
      <Filter>Source Files</Filter>
    </ClCompile>
    <ClCompile Include="src\humandropship.cpp">
      <Filter>Source Files</Filter>
    </ClCompile>
  </ItemGroup>
  <ItemGroup>
    <None Include="libs\mysql\libmysql.def">
      <Filter>Source Files</Filter>
    </None>
    <None Include="config.ini" />
    <None Include="libmysql.dll" />
    <None Include="pthreadVC2.dll" />
    <None Include="sql\ir_gameserver.sql" />
    <None Include="sql\Spawnpool_V0.1.sql" />
    <None Include="sql\tabuladb.sql" />
    <None Include="libs\mysql\libmysql.pdb" />
    <None Include="libs\mysql\mysqlclient.pdb" />
    <None Include="libs\mysql\mysys.pdb" />
    <None Include="libs\mysql\regex.pdb" />
    <None Include="libs\mysql\strings.pdb" />
    <None Include="libs\mysql\zlib.pdb" />
    <None Include="sql\abilities.sql" />
    <None Include="sql\skills.sql" />
    <None Include="sql\characters.sql" />
  </ItemGroup>
  <ItemGroup>
    <ClInclude Include="libs\minini\minGlue.h">
      <Filter>Header Files</Filter>
    </ClInclude>
    <ClInclude Include="libs\minini\minIni.h">
      <Filter>Header Files</Filter>
    </ClInclude>
    <ClInclude Include="libs\mysql\base64.h">
      <Filter>Header Files</Filter>
    </ClInclude>
    <ClInclude Include="libs\mysql\config-netware.h">
      <Filter>Header Files</Filter>
    </ClInclude>
    <ClInclude Include="libs\mysql\config-win.h">
      <Filter>Header Files</Filter>
    </ClInclude>
    <ClInclude Include="libs\mysql\decimal.h">
      <Filter>Header Files</Filter>
    </ClInclude>
    <ClInclude Include="libs\mysql\errmsg.h">
      <Filter>Header Files</Filter>
    </ClInclude>
    <ClInclude Include="libs\mysql\ft_global.h">
      <Filter>Header Files</Filter>
    </ClInclude>
    <ClInclude Include="libs\mysql\hash.h">
      <Filter>Header Files</Filter>
    </ClInclude>
    <ClInclude Include="libs\mysql\heap.h">
      <Filter>Header Files</Filter>
    </ClInclude>
    <ClInclude Include="libs\mysql\help_end.h">
      <Filter>Header Files</Filter>
    </ClInclude>
    <ClInclude Include="libs\mysql\help_start.h">
      <Filter>Header Files</Filter>
    </ClInclude>
    <ClInclude Include="libs\mysql\keycache.h">
      <Filter>Header Files</Filter>
    </ClInclude>
    <ClInclude Include="libs\mysql\myisam.h">
      <Filter>Header Files</Filter>
    </ClInclude>
    <ClInclude Include="libs\mysql\myisammrg.h">
      <Filter>Header Files</Filter>
    </ClInclude>
    <ClInclude Include="libs\mysql\myisampack.h">
      <Filter>Header Files</Filter>
    </ClInclude>
    <ClInclude Include="libs\mysql\mysql.h">
      <Filter>Header Files</Filter>
    </ClInclude>
    <ClInclude Include="libs\mysql\mysqld_ername.h">
      <Filter>Header Files</Filter>
    </ClInclude>
    <ClInclude Include="libs\mysql\mysqld_error.h">
      <Filter>Header Files</Filter>
    </ClInclude>
    <ClInclude Include="libs\mysql\mysql_com.h">
      <Filter>Header Files</Filter>
    </ClInclude>
    <ClInclude Include="libs\mysql\mysql_embed.h">
      <Filter>Header Files</Filter>
    </ClInclude>
    <ClInclude Include="libs\mysql\mysql_time.h">
      <Filter>Header Files</Filter>
    </ClInclude>
    <ClInclude Include="libs\mysql\mysql_version.h">
      <Filter>Header Files</Filter>
    </ClInclude>
    <ClInclude Include="libs\mysql\mysys_err.h">
      <Filter>Header Files</Filter>
    </ClInclude>
    <ClInclude Include="libs\mysql\my_aes.h">
      <Filter>Header Files</Filter>
    </ClInclude>
    <ClInclude Include="libs\mysql\my_alarm.h">
      <Filter>Header Files</Filter>
    </ClInclude>
    <ClInclude Include="libs\mysql\my_alloc.h">
      <Filter>Header Files</Filter>
    </ClInclude>
    <ClInclude Include="libs\mysql\my_atomic.h">
      <Filter>Header Files</Filter>
    </ClInclude>
    <ClInclude Include="libs\mysql\my_attribute.h">
      <Filter>Header Files</Filter>
    </ClInclude>
    <ClInclude Include="libs\mysql\my_base.h">
      <Filter>Header Files</Filter>
    </ClInclude>
    <ClInclude Include="libs\mysql\my_bit.h">
      <Filter>Header Files</Filter>
    </ClInclude>
    <ClInclude Include="libs\mysql\my_bitmap.h">
      <Filter>Header Files</Filter>
    </ClInclude>
    <ClInclude Include="libs\mysql\my_dbug.h">
      <Filter>Header Files</Filter>
    </ClInclude>
    <ClInclude Include="libs\mysql\my_dir.h">
      <Filter>Header Files</Filter>
    </ClInclude>
    <ClInclude Include="libs\mysql\my_getopt.h">
      <Filter>Header Files</Filter>
    </ClInclude>
    <ClInclude Include="libs\mysql\my_global.h">
      <Filter>Header Files</Filter>
    </ClInclude>
    <ClInclude Include="libs\mysql\my_handler.h">
      <Filter>Header Files</Filter>
    </ClInclude>
    <ClInclude Include="libs\mysql\my_libwrap.h">
      <Filter>Header Files</Filter>
    </ClInclude>
    <ClInclude Include="libs\mysql\my_list.h">
      <Filter>Header Files</Filter>
    </ClInclude>
    <ClInclude Include="libs\mysql\my_md5.h">
      <Filter>Header Files</Filter>
    </ClInclude>
    <ClInclude Include="libs\mysql\my_net.h">
      <Filter>Header Files</Filter>
    </ClInclude>
    <ClInclude Include="libs\mysql\my_nosys.h">
      <Filter>Header Files</Filter>
    </ClInclude>
    <ClInclude Include="libs\mysql\my_no_pthread.h">
      <Filter>Header Files</Filter>
    </ClInclude>
    <ClInclude Include="libs\mysql\my_pthread.h">
      <Filter>Header Files</Filter>
    </ClInclude>
    <ClInclude Include="libs\mysql\my_stacktrace.h">
      <Filter>Header Files</Filter>
    </ClInclude>
    <ClInclude Include="libs\mysql\my_sys.h">
      <Filter>Header Files</Filter>
    </ClInclude>
    <ClInclude Include="libs\mysql\my_time.h">
      <Filter>Header Files</Filter>
    </ClInclude>
    <ClInclude Include="libs\mysql\my_tree.h">
      <Filter>Header Files</Filter>
    </ClInclude>
    <ClInclude Include="libs\mysql\my_trie.h">
      <Filter>Header Files</Filter>
    </ClInclude>
    <ClInclude Include="libs\mysql\my_uctype.h">
      <Filter>Header Files</Filter>
    </ClInclude>
    <ClInclude Include="libs\mysql\my_user.h">
      <Filter>Header Files</Filter>
    </ClInclude>
    <ClInclude Include="libs\mysql\my_vle.h">
      <Filter>Header Files</Filter>
    </ClInclude>
    <ClInclude Include="libs\mysql\my_xml.h">
      <Filter>Header Files</Filter>
    </ClInclude>
    <ClInclude Include="libs\mysql\m_ctype.h">
      <Filter>Header Files</Filter>
    </ClInclude>
    <ClInclude Include="libs\mysql\m_string.h">
      <Filter>Header Files</Filter>
    </ClInclude>
    <ClInclude Include="libs\mysql\queues.h">
      <Filter>Header Files</Filter>
    </ClInclude>
    <ClInclude Include="libs\mysql\rijndael.h">
      <Filter>Header Files</Filter>
    </ClInclude>
    <ClInclude Include="libs\mysql\sha1.h">
      <Filter>Header Files</Filter>
    </ClInclude>
    <ClInclude Include="libs\mysql\sql_common.h">
      <Filter>Header Files</Filter>
    </ClInclude>
    <ClInclude Include="libs\mysql\sql_state.h">
      <Filter>Header Files</Filter>
    </ClInclude>
    <ClInclude Include="libs\mysql\sslopt-case.h">
      <Filter>Header Files</Filter>
    </ClInclude>
    <ClInclude Include="libs\mysql\sslopt-longopts.h">
      <Filter>Header Files</Filter>
    </ClInclude>
    <ClInclude Include="libs\mysql\sslopt-vars.h">
      <Filter>Header Files</Filter>
    </ClInclude>
    <ClInclude Include="libs\mysql\thr_alarm.h">
      <Filter>Header Files</Filter>
    </ClInclude>
    <ClInclude Include="libs\mysql\thr_lock.h">
      <Filter>Header Files</Filter>
    </ClInclude>
    <ClInclude Include="libs\mysql\typelib.h">
      <Filter>Header Files</Filter>
    </ClInclude>
    <ClInclude Include="libs\mysql\t_ctype.h">
      <Filter>Header Files</Filter>
    </ClInclude>
    <ClInclude Include="libs\mysql\violite.h">
      <Filter>Header Files</Filter>
    </ClInclude>
    <ClInclude Include="libs\pthreads\pthread.h">
      <Filter>Header Files</Filter>
    </ClInclude>
    <ClInclude Include="libs\pthreads\sched.h">
      <Filter>Header Files</Filter>
    </ClInclude>
    <ClInclude Include="libs\pthreads\semaphore.h">
      <Filter>Header Files</Filter>
    </ClInclude>
    <ClInclude Include="src\actor.h">
      <Filter>Header Files</Filter>
    </ClInclude>
    <ClInclude Include="src\AuthServerUtil.h">
      <Filter>Header Files</Filter>
    </ClInclude>
    <ClInclude Include="src\banedropship.h">
      <Filter>Header Files</Filter>
    </ClInclude>
    <ClInclude Include="src\behaviorController.h">
      <Filter>Header Files</Filter>
    </ClInclude>
    <ClInclude Include="src\Bignum.h">
      <Filter>Header Files</Filter>
    </ClInclude>
    <ClInclude Include="src\cellMgr.h">
      <Filter>Header Files</Filter>
    </ClInclude>
    <ClInclude Include="src\classIDs.h">
      <Filter>Header Files</Filter>
    </ClInclude>
    <ClInclude Include="src\combatMgr.h">
      <Filter>Header Files</Filter>
    </ClInclude>
    <ClInclude Include="src\communicator.h">
      <Filter>Header Files</Filter>
    </ClInclude>
    <ClInclude Include="src\controlpoint.h">
      <Filter>Header Files</Filter>
    </ClInclude>
    <ClInclude Include="src\creature.h">
      <Filter>Header Files</Filter>
    </ClInclude>
    <ClInclude Include="src\DataInterface.h">
      <Filter>Header Files</Filter>
    </ClInclude>
    <ClInclude Include="src\defaultObject.h">
      <Filter>Header Files</Filter>
    </ClInclude>
    <ClInclude Include="src\DetourAlloc.h">
      <Filter>Header Files</Filter>
    </ClInclude>
    <ClInclude Include="src\DetourAssert.h">
      <Filter>Header Files</Filter>
    </ClInclude>
    <ClInclude Include="src\DetourCommon.h">
      <Filter>Header Files</Filter>
    </ClInclude>
    <ClInclude Include="src\DetourNavMesh.h">
      <Filter>Header Files</Filter>
    </ClInclude>
    <ClInclude Include="src\DetourNavMeshBuilder.h">
      <Filter>Header Files</Filter>
    </ClInclude>
    <ClInclude Include="src\DetourNavMeshQuery.h">
      <Filter>Header Files</Filter>
    </ClInclude>
    <ClInclude Include="src\DetourNode.h">
      <Filter>Header Files</Filter>
    </ClInclude>
    <ClInclude Include="src\DetourStatus.h">
      <Filter>Header Files</Filter>
    </ClInclude>
    <ClInclude Include="src\dynamicObject.h">
      <Filter>Header Files</Filter>
    </ClInclude>
    <ClInclude Include="src\entityIDs.h">
      <Filter>Header Files</Filter>
    </ClInclude>
    <ClInclude Include="src\entityMgr.h">
      <Filter>Header Files</Filter>
    </ClInclude>
    <ClInclude Include="src\fileMgr.h">
      <Filter>Header Files</Filter>
    </ClInclude>
    <ClInclude Include="src\framework.h">
      <Filter>Header Files</Filter>
    </ClInclude>
    <ClInclude Include="src\gameData.h">
      <Filter>Header Files</Filter>
    </ClInclude>
    <ClInclude Include="src\gameEffects.h">
      <Filter>Header Files</Filter>
    </ClInclude>
    <ClInclude Include="src\GameMain.h">
      <Filter>Header Files</Filter>
    </ClInclude>
    <ClInclude Include="src\Global.h">
      <Filter>Header Files</Filter>
    </ClInclude>
    <ClInclude Include="src\gm.h">
      <Filter>Header Files</Filter>
    </ClInclude>
    <ClInclude Include="src\hashTable.h">
      <Filter>Header Files</Filter>
    </ClInclude>
    <ClInclude Include="src\INIParser.h">
      <Filter>Header Files</Filter>
    </ClInclude>
    <ClInclude Include="src\inventory.h">
      <Filter>Header Files</Filter>
    </ClInclude>
    <ClInclude Include="src\logosObject.h">
      <Filter>Header Files</Filter>
    </ClInclude>
    <ClInclude Include="src\lootdispenser.h">
      <Filter>Header Files</Filter>
    </ClInclude>
    <ClInclude Include="src\main.h">
      <Filter>Header Files</Filter>
    </ClInclude>
    <ClInclude Include="src\manifestation.h">
      <Filter>Header Files</Filter>
    </ClInclude>
    <ClInclude Include="src\MapChannel.h">
      <Filter>Header Files</Filter>
    </ClInclude>
    <ClInclude Include="src\MapInstance.h">
      <Filter>Header Files</Filter>
    </ClInclude>
    <ClInclude Include="src\methodIDs.h">
      <Filter>Header Files</Filter>
    </ClInclude>
    <ClInclude Include="src\mission.h">
      <Filter>Header Files</Filter>
    </ClInclude>
    <ClInclude Include="src\Msg.h">
      <Filter>Header Files</Filter>
    </ClInclude>
    <ClInclude Include="src\navmesh.h">
      <Filter>Header Files</Filter>
    </ClInclude>
    <ClInclude Include="src\npc.h">
      <Filter>Header Files</Filter>
    </ClInclude>
    <ClInclude Include="src\Packet.h">
      <Filter>Header Files</Filter>
    </ClInclude>
    <ClInclude Include="src\Packing.h">
      <Filter>Header Files</Filter>
    </ClInclude>
    <ClInclude Include="src\sData.h">
      <Filter>Header Files</Filter>
    </ClInclude>
    <ClInclude Include="src\spawnSystem.h">
      <Filter>Header Files</Filter>
    </ClInclude>
    <ClInclude Include="src\TabulaCrypt.h">
      <Filter>Header Files</Filter>
    </ClInclude>
    <ClInclude Include="src\teleporter.h">
      <Filter>Header Files</Filter>
    </ClInclude>
    <ClInclude Include="src\ThreadsUtils.h">
      <Filter>Header Files</Filter>
    </ClInclude>
    <ClInclude Include="src\vendor.h">
      <Filter>Header Files</Filter>
    </ClInclude>
    <ClInclude Include="src\waypoint.h">
      <Filter>Header Files</Filter>
    </ClInclude>
    <ClInclude Include="resource.h">
      <Filter>Header Files</Filter>
    </ClInclude>
    <ClInclude Include="src\humandropship.h">
      <Filter>Header Files</Filter>
    </ClInclude>
  </ItemGroup>
  <ItemGroup>
    <ResourceCompile Include="TabulaGameServer.rc">
      <Filter>Resource Files</Filter>
    </ResourceCompile>
  </ItemGroup>
  <ItemGroup>
    <Image Include="src\icon_r.ico">
      <Filter>Resource Files</Filter>
    </Image>
  </ItemGroup>
  <ItemGroup>
    <Library Include="libs\pthreads\pthreadVC2.lib" />
    <Library Include="libs\mysql\libmysql.lib" />
    <Library Include="libs\mysql\mysqlclient.lib" />
    <Library Include="libs\mysql\mysys.lib" />
    <Library Include="libs\mysql\regex.lib" />
    <Library Include="libs\mysql\strings.lib" />
    <Library Include="libs\mysql\zlib.lib" />
  </ItemGroup>
  <ItemGroup>
    <Text Include="gameData\ClassDescriptions.txt" />
    <Text Include="gameData\equipableClassEquipmentSlot.txt" />
    <Text Include="gameData\GameServerLoginSequence.txt" />
    <Text Include="gameData\itemTemplates.txt" />
    <Text Include="gameData\mapInfo.txt" />
    <Text Include="gameData\starterItemTemplateClassIds.txt" />
    <Text Include="gameData\TabulaRasaPacketFormat.txt" />
    <Text Include="gameData\class.txt" />
    <Text Include="gameData\logos.txt" />
  </ItemGroup>
</Project>